
Microsoft Visual Studio Solution File, Format Version 12.00
# Visual Studio 15
VisualStudioVersion = 15.0.27703.2047
MinimumVisualStudioVersion = 10.0.40219.1
Project("{FAE04EC0-301F-11D3-BF4B-00C04F79EFBC}") = "RandomAnimalSounds", "RandomAnimalSounds\RandomAnimalSounds.csproj", "{11E303CE-3223-426A-B458-CC2436A136DB}"
EndProject
Project("{FAE04EC0-301F-11D3-BF4B-00C04F79EFBC}") = "RandomAnimalSoundsTests", "RandomAnimalSoundsTests\RandomAnimalSoundsTests.csproj", "{34F033E1-DB65-4AEE-91CD-C63187D3CF4D}"
EndProject
Global
	GlobalSection(SolutionConfigurationPlatforms) = preSolution
		Debug|Any CPU = Debug|Any CPU
		Release|Any CPU = Release|Any CPU
	EndGlobalSection
	GlobalSection(ProjectConfigurationPlatforms) = postSolution
		{11E303CE-3223-426A-B458-CC2436A136DB}.Debug|Any CPU.ActiveCfg = Debug|Any CPU
		{11E303CE-3223-426A-B458-CC2436A136DB}.Debug|Any CPU.Build.0 = Debug|Any CPU
		{11E303CE-3223-426A-B458-CC2436A136DB}.Release|Any CPU.ActiveCfg = Release|Any CPU
		{11E303CE-3223-426A-B458-CC2436A136DB}.Release|Any CPU.Build.0 = Release|Any CPU
		{34F033E1-DB65-4AEE-91CD-C63187D3CF4D}.Debug|Any CPU.ActiveCfg = Debug|Any CPU
		{34F033E1-DB65-4AEE-91CD-C63187D3CF4D}.Debug|Any CPU.Build.0 = Debug|Any CPU
		{34F033E1-DB65-4AEE-91CD-C63187D3CF4D}.Release|Any CPU.ActiveCfg = Release|Any CPU
		{34F033E1-DB65-4AEE-91CD-C63187D3CF4D}.Release|Any CPU.Build.0 = Release|Any CPU
	EndGlobalSection
	GlobalSection(SolutionProperties) = preSolution
		HideSolutionNode = FALSE
	EndGlobalSection
	GlobalSection(ExtensibilityGlobals) = postSolution
		SolutionGuid = {1F2A8A58-DA35-4701-A955-DD62988B92A2}
	EndGlobalSection
EndGlobal
